// !$*UTF8*$!
{
	archiveVersion = 1;
	classes = {
	};
	objectVersion = 50;
	objects = {

/* Begin PBXBuildFile section */
		515D54BA35442AD26E1F23B7 /* libPods-FireLife.a in Frameworks */ = {isa = PBXBuildFile; fileRef = CD450182052EBF680F633DA4 /* libPods-FireLife.a */; };
		574EF5198A52B39A58AD224C /* libPods-FireLifeTests.a in Frameworks */ = {isa = PBXBuildFile; fileRef = 9639516DE837EE8006A29B73 /* libPods-FireLifeTests.a */; };
		7633F4D82F4C7EF084E2676B /* libPods-FireLifeUITests.a in Frameworks */ = {isa = PBXBuildFile; fileRef = 9B70B514A63AEBD260BFD28D /* libPods-FireLifeUITests.a */; };
		DFD39DFC20F2FE5900170B32 /* CustomCollectionViewCell.m in Sources */ = {isa = PBXBuildFile; fileRef = DFD39DFA20F2FE5900170B32 /* CustomCollectionViewCell.m */; };
		DFD39DFD20F2FE5900170B32 /* CustomCollectionViewCell.xib in Resources */ = {isa = PBXBuildFile; fileRef = DFD39DFB20F2FE5900170B32 /* CustomCollectionViewCell.xib */; };
		DFD39DFF20F3039F00170B32 /* placeHold.jpeg in Resources */ = {isa = PBXBuildFile; fileRef = DFD39DFE20F3039F00170B32 /* placeHold.jpeg */; };
		DFD39E0120F337EE00170B32 /* alipay.png in Resources */ = {isa = PBXBuildFile; fileRef = DFD39E0020F337EE00170B32 /* alipay.png */; };
		DFD39E0320F337FE00170B32 /* wxpay.png in Resources */ = {isa = PBXBuildFile; fileRef = DFD39E0220F337FE00170B32 /* wxpay.png */; };
		DFD39E0620F361D500170B32 /* PersonalHeadView.m in Sources */ = {isa = PBXBuildFile; fileRef = DFD39E0520F361D500170B32 /* PersonalHeadView.m */; };
		DFD39E0820F3620300170B32 /* PersonalHeadView.xib in Resources */ = {isa = PBXBuildFile; fileRef = DFD39E0720F3620300170B32 /* PersonalHeadView.xib */; };
		DFE2EFDC20EA0D570098D51C /* LoginViewController.m in Sources */ = {isa = PBXBuildFile; fileRef = DFE2EFDA20EA0D570098D51C /* LoginViewController.m */; };
		DFE2EFDD20EA0D570098D51C /* LoginViewController.xib in Resources */ = {isa = PBXBuildFile; fileRef = DFE2EFDB20EA0D570098D51C /* LoginViewController.xib */; };
		DFE2EFDF20EA0E1F0098D51C /* loginBg.png in Resources */ = {isa = PBXBuildFile; fileRef = DFE2EFDE20EA0E1F0098D51C /* loginBg.png */; };
		DFE2EFE320EA1DDB0098D51C /* UserManager.m in Sources */ = {isa = PBXBuildFile; fileRef = DFE2EFE220EA1DDB0098D51C /* UserManager.m */; };
		DFE2EFE620EA20A80098D51C /* UserManagerTool.m in Sources */ = {isa = PBXBuildFile; fileRef = DFE2EFE520EA20A80098D51C /* UserManagerTool.m */; };
		DFE2EFEB20EDF6A40098D51C /* TestManagerConfig.m in Sources */ = {isa = PBXBuildFile; fileRef = DFE2EFEA20EDF6A40098D51C /* TestManagerConfig.m */; };
		DFE2EFF220F0CBAE0098D51C /* UIColor+Extension.m in Sources */ = {isa = PBXBuildFile; fileRef = DFE2EFF120F0CBAE0098D51C /* UIColor+Extension.m */; };
		DFED5A3220F6E5540087F96F /* FLWaterfallCollectionLayout.m in Sources */ = {isa = PBXBuildFile; fileRef = DFED5A3120F6E5540087F96F /* FLWaterfallCollectionLayout.m */; };
		DFEDEE9320E4C4A900D2714A /* AppDelegate.m in Sources */ = {isa = PBXBuildFile; fileRef = DFEDEE9220E4C4A900D2714A /* AppDelegate.m */; };
		DFEDEE9620E4C4A900D2714A /* ViewController.m in Sources */ = {isa = PBXBuildFile; fileRef = DFEDEE9520E4C4A900D2714A /* ViewController.m */; };
		DFEDEE9920E4C4A900D2714A /* Main.storyboard in Resources */ = {isa = PBXBuildFile; fileRef = DFEDEE9720E4C4A900D2714A /* Main.storyboard */; };
		DFEDEE9B20E4C4AA00D2714A /* Assets.xcassets in Resources */ = {isa = PBXBuildFile; fileRef = DFEDEE9A20E4C4AA00D2714A /* Assets.xcassets */; };
		DFEDEE9E20E4C4AA00D2714A /* LaunchScreen.storyboard in Resources */ = {isa = PBXBuildFile; fileRef = DFEDEE9C20E4C4AA00D2714A /* LaunchScreen.storyboard */; };
		DFEDEEA120E4C4AA00D2714A /* main.m in Sources */ = {isa = PBXBuildFile; fileRef = DFEDEEA020E4C4AA00D2714A /* main.m */; };
		DFEDEEAB20E4C4AB00D2714A /* FireLifeTests.m in Sources */ = {isa = PBXBuildFile; fileRef = DFEDEEAA20E4C4AB00D2714A /* FireLifeTests.m */; };
		DFEDEEB620E4C4AB00D2714A /* FireLifeUITests.m in Sources */ = {isa = PBXBuildFile; fileRef = DFEDEEB520E4C4AB00D2714A /* FireLifeUITests.m */; };
		DFEDEED520E4CE3400D2714A /* FLTabBarViewController.m in Sources */ = {isa = PBXBuildFile; fileRef = DFEDEED420E4CE3400D2714A /* FLTabBarViewController.m */; };
		DFEDEED820E4CE6C00D2714A /* FLTabBarView.m in Sources */ = {isa = PBXBuildFile; fileRef = DFEDEED720E4CE6C00D2714A /* FLTabBarView.m */; };
		DFEDEEDB20E4D07A00D2714A /* FLNavigationViewController.m in Sources */ = {isa = PBXBuildFile; fileRef = DFEDEEDA20E4D07A00D2714A /* FLNavigationViewController.m */; };
		DFEDEEDF20E4D66E00D2714A /* HomePageViewController.m in Sources */ = {isa = PBXBuildFile; fileRef = DFEDEEDE20E4D66E00D2714A /* HomePageViewController.m */; };
		DFEDEEE220E4D68400D2714A /* SettingViewController.m in Sources */ = {isa = PBXBuildFile; fileRef = DFEDEEE120E4D68400D2714A /* SettingViewController.m */; };
		DFEDEEE920E4D86B00D2714A /* AdView.m in Sources */ = {isa = PBXBuildFile; fileRef = DFEDEEE820E4D86B00D2714A /* AdView.m */; };
		DFEDEEEB20E4D88500D2714A /* AdView.xib in Resources */ = {isa = PBXBuildFile; fileRef = DFEDEEEA20E4D88500D2714A /* AdView.xib */; };
		DFEDEEEE20E4DA7600D2714A /* FLCacheHelp.m in Sources */ = {isa = PBXBuildFile; fileRef = DFEDEEED20E4DA7600D2714A /* FLCacheHelp.m */; };
		DFEDEEF120E4DB4000D2714A /* FLBaseHandle.m in Sources */ = {isa = PBXBuildFile; fileRef = DFEDEEF020E4DB4000D2714A /* FLBaseHandle.m */; };
		DFEDEEF420E4DBC900D2714A /* HttpTool.m in Sources */ = {isa = PBXBuildFile; fileRef = DFEDEEF320E4DBC900D2714A /* HttpTool.m */; };
		DFEDEEF920E4E13000D2714A /* FLAdHandle.m in Sources */ = {isa = PBXBuildFile; fileRef = DFEDEEF820E4E13000D2714A /* FLAdHandle.m */; };
		DFEDEEFE20E4E1B800D2714A /* AdModel.m in Sources */ = {isa = PBXBuildFile; fileRef = DFEDEEFD20E4E1B800D2714A /* AdModel.m */; };
		DFEDEF0920E618CE00D2714A /* LiveViewController.m in Sources */ = {isa = PBXBuildFile; fileRef = DFEDEF0720E618CE00D2714A /* LiveViewController.m */; };
		DFEDEF0A20E618CE00D2714A /* LiveViewController.xib in Resources */ = {isa = PBXBuildFile; fileRef = DFEDEF0820E618CE00D2714A /* LiveViewController.xib */; };
		DFEDEF0D20E61ABF00D2714A /* FLExceptionHandle.m in Sources */ = {isa = PBXBuildFile; fileRef = DFEDEF0C20E61ABF00D2714A /* FLExceptionHandle.m */; };
		DFF60D2420F5E85D00CAAAAC /* cell_bone.png in Resources */ = {isa = PBXBuildFile; fileRef = DFF60D2220F5E85D00CAAAAC /* cell_bone.png */; };
		DFF60D2520F5E85D00CAAAAC /* cell_animal.png in Resources */ = {isa = PBXBuildFile; fileRef = DFF60D2320F5E85D00CAAAAC /* cell_animal.png */; };
		DFF60D3220F5F67400CAAAAC /* image5.jpeg in Resources */ = {isa = PBXBuildFile; fileRef = DFF60D2620F5F67200CAAAAC /* image5.jpeg */; };
		DFF60D3320F5F67400CAAAAC /* image11.png in Resources */ = {isa = PBXBuildFile; fileRef = DFF60D2720F5F67200CAAAAC /* image11.png */; };
		DFF60D3420F5F67400CAAAAC /* image6.png in Resources */ = {isa = PBXBuildFile; fileRef = DFF60D2820F5F67200CAAAAC /* image6.png */; };
		DFF60D3520F5F67400CAAAAC /* image1.jpeg in Resources */ = {isa = PBXBuildFile; fileRef = DFF60D2920F5F67300CAAAAC /* image1.jpeg */; };
		DFF60D3620F5F67400CAAAAC /* image7.jpeg in Resources */ = {isa = PBXBuildFile; fileRef = DFF60D2A20F5F67300CAAAAC /* image7.jpeg */; };
		DFF60D3720F5F67400CAAAAC /* image2.jpeg in Resources */ = {isa = PBXBuildFile; fileRef = DFF60D2B20F5F67300CAAAAC /* image2.jpeg */; };
		DFF60D3820F5F67400CAAAAC /* image3.jpeg in Resources */ = {isa = PBXBuildFile; fileRef = DFF60D2C20F5F67300CAAAAC /* image3.jpeg */; };
		DFF60D3920F5F67400CAAAAC /* imag.png in Resources */ = {isa = PBXBuildFile; fileRef = DFF60D2D20F5F67300CAAAAC /* imag.png */; };
		DFF60D3A20F5F67400CAAAAC /* image4.jpeg in Resources */ = {isa = PBXBuildFile; fileRef = DFF60D2E20F5F67300CAAAAC /* image4.jpeg */; };
		DFF60D3B20F5F67400CAAAAC /* image8.jpeg in Resources */ = {isa = PBXBuildFile; fileRef = DFF60D2F20F5F67300CAAAAC /* image8.jpeg */; };
		DFF60D3C20F5F67400CAAAAC /* image9.jpeg in Resources */ = {isa = PBXBuildFile; fileRef = DFF60D3020F5F67300CAAAAC /* image9.jpeg */; };
		DFF60D3D20F5F67400CAAAAC /* image10.jpeg in Resources */ = {isa = PBXBuildFile; fileRef = DFF60D3120F5F67300CAAAAC /* image10.jpeg */; };
		DFF60D4020F5F8C900CAAAAC /* UIImage+Extension.m in Sources */ = {isa = PBXBuildFile; fileRef = DFF60D3F20F5F8C900CAAAAC /* UIImage+Extension.m */; };
		DFF60D4220F5FDAF00CAAAAC /* head.png in Resources */ = {isa = PBXBuildFile; fileRef = DFF60D4120F5FDAF00CAAAAC /* head.png */; };
/* End PBXBuildFile section */

/* Begin PBXContainerItemProxy section */
		DFEDEEA720E4C4AB00D2714A /* PBXContainerItemProxy */ = {
			isa = PBXContainerItemProxy;
			containerPortal = DFEDEE8620E4C4A900D2714A /* Project object */;
			proxyType = 1;
			remoteGlobalIDString = DFEDEE8D20E4C4A900D2714A;
			remoteInfo = FireLife;
		};
		DFEDEEB220E4C4AB00D2714A /* PBXContainerItemProxy */ = {
			isa = PBXContainerItemProxy;
			containerPortal = DFEDEE8620E4C4A900D2714A /* Project object */;
			proxyType = 1;
			remoteGlobalIDString = DFEDEE8D20E4C4A900D2714A;
			remoteInfo = FireLife;
		};
/* End PBXContainerItemProxy section */

/* Begin PBXFileReference section */
		2CEFA28C10A968BCB02E6572 /* Pods-FireLifeUITests.release.xcconfig */ = {isa = PBXFileReference; includeInIndex = 1; lastKnownFileType = text.xcconfig; name = "Pods-FireLifeUITests.release.xcconfig"; path = "Pods/Target Support Files/Pods-FireLifeUITests/Pods-FireLifeUITests.release.xcconfig"; sourceTree = "<group>"; };
		377E855D4AA3205CA5D732CF /* Pods-FireLifeTests.debug.xcconfig */ = {isa = PBXFileReference; includeInIndex = 1; lastKnownFileType = text.xcconfig; name = "Pods-FireLifeTests.debug.xcconfig"; path = "Pods/Target Support Files/Pods-FireLifeTests/Pods-FireLifeTests.debug.xcconfig"; sourceTree = "<group>"; };
		9632643A10D5129BBAD53B74 /* Pods-FireLifeTests.release.xcconfig */ = {isa = PBXFileReference; includeInIndex = 1; lastKnownFileType = text.xcconfig; name = "Pods-FireLifeTests.release.xcconfig"; path = "Pods/Target Support Files/Pods-FireLifeTests/Pods-FireLifeTests.release.xcconfig"; sourceTree = "<group>"; };
		9639516DE837EE8006A29B73 /* libPods-FireLifeTests.a */ = {isa = PBXFileReference; explicitFileType = archive.ar; includeInIndex = 0; path = "libPods-FireLifeTests.a"; sourceTree = BUILT_PRODUCTS_DIR; };
		9B70B514A63AEBD260BFD28D /* libPods-FireLifeUITests.a */ = {isa = PBXFileReference; explicitFileType = archive.ar; includeInIndex = 0; path = "libPods-FireLifeUITests.a"; sourceTree = BUILT_PRODUCTS_DIR; };
		BE85F4663F0B452ABD9ADFA0 /* Pods-FireLifeUITests.debug.xcconfig */ = {isa = PBXFileReference; includeInIndex = 1; lastKnownFileType = text.xcconfig; name = "Pods-FireLifeUITests.debug.xcconfig"; path = "Pods/Target Support Files/Pods-FireLifeUITests/Pods-FireLifeUITests.debug.xcconfig"; sourceTree = "<group>"; };
		C1748C4CCC4CF76D725F1EF0 /* Pods-FireLife.release.xcconfig */ = {isa = PBXFileReference; includeInIndex = 1; lastKnownFileType = text.xcconfig; name = "Pods-FireLife.release.xcconfig"; path = "Pods/Target Support Files/Pods-FireLife/Pods-FireLife.release.xcconfig"; sourceTree = "<group>"; };
		CD450182052EBF680F633DA4 /* libPods-FireLife.a */ = {isa = PBXFileReference; explicitFileType = archive.ar; includeInIndex = 0; path = "libPods-FireLife.a"; sourceTree = BUILT_PRODUCTS_DIR; };
		D0DEE4EC0D6DD16B6FB009F0 /* Pods-FireLife.debug.xcconfig */ = {isa = PBXFileReference; includeInIndex = 1; lastKnownFileType = text.xcconfig; name = "Pods-FireLife.debug.xcconfig"; path = "Pods/Target Support Files/Pods-FireLife/Pods-FireLife.debug.xcconfig"; sourceTree = "<group>"; };
		DFD39DF920F2FE5900170B32 /* CustomCollectionViewCell.h */ = {isa = PBXFileReference; lastKnownFileType = sourcecode.c.h; path = CustomCollectionViewCell.h; sourceTree = "<group>"; };
		DFD39DFA20F2FE5900170B32 /* CustomCollectionViewCell.m */ = {isa = PBXFileReference; lastKnownFileType = sourcecode.c.objc; path = CustomCollectionViewCell.m; sourceTree = "<group>"; };
		DFD39DFB20F2FE5900170B32 /* CustomCollectionViewCell.xib */ = {isa = PBXFileReference; lastKnownFileType = file.xib; path = CustomCollectionViewCell.xib; sourceTree = "<group>"; };
		DFD39DFE20F3039F00170B32 /* placeHold.jpeg */ = {isa = PBXFileReference; lastKnownFileType = image.jpeg; path = placeHold.jpeg; sourceTree = "<group>"; };
		DFD39E0020F337EE00170B32 /* alipay.png */ = {isa = PBXFileReference; lastKnownFileType = image.png; path = alipay.png; sourceTree = "<group>"; };
		DFD39E0220F337FE00170B32 /* wxpay.png */ = {isa = PBXFileReference; lastKnownFileType = image.png; path = wxpay.png; sourceTree = "<group>"; };
		DFD39E0420F361D500170B32 /* PersonalHeadView.h */ = {isa = PBXFileReference; lastKnownFileType = sourcecode.c.h; path = PersonalHeadView.h; sourceTree = "<group>"; };
		DFD39E0520F361D500170B32 /* PersonalHeadView.m */ = {isa = PBXFileReference; lastKnownFileType = sourcecode.c.objc; path = PersonalHeadView.m; sourceTree = "<group>"; };
		DFD39E0720F3620300170B32 /* PersonalHeadView.xib */ = {isa = PBXFileReference; lastKnownFileType = file.xib; path = PersonalHeadView.xib; sourceTree = "<group>"; };
		DFE2EFD920EA0D570098D51C /* LoginViewController.h */ = {isa = PBXFileReference; lastKnownFileType = sourcecode.c.h; path = LoginViewController.h; sourceTree = "<group>"; };
		DFE2EFDA20EA0D570098D51C /* LoginViewController.m */ = {isa = PBXFileReference; lastKnownFileType = sourcecode.c.objc; path = LoginViewController.m; sourceTree = "<group>"; };
		DFE2EFDB20EA0D570098D51C /* LoginViewController.xib */ = {isa = PBXFileReference; lastKnownFileType = file.xib; path = LoginViewController.xib; sourceTree = "<group>"; };
		DFE2EFDE20EA0E1F0098D51C /* loginBg.png */ = {isa = PBXFileReference; lastKnownFileType = image.png; path = loginBg.png; sourceTree = "<group>"; };
		DFE2EFE120EA1DDB0098D51C /* UserManager.h */ = {isa = PBXFileReference; lastKnownFileType = sourcecode.c.h; path = UserManager.h; sourceTree = "<group>"; };
		DFE2EFE220EA1DDB0098D51C /* UserManager.m */ = {isa = PBXFileReference; lastKnownFileType = sourcecode.c.objc; path = UserManager.m; sourceTree = "<group>"; };
		DFE2EFE420EA20A80098D51C /* UserManagerTool.h */ = {isa = PBXFileReference; lastKnownFileType = sourcecode.c.h; path = UserManagerTool.h; sourceTree = "<group>"; };
		DFE2EFE520EA20A80098D51C /* UserManagerTool.m */ = {isa = PBXFileReference; lastKnownFileType = sourcecode.c.objc; path = UserManagerTool.m; sourceTree = "<group>"; };
		DFE2EFE920EDF6A40098D51C /* TestManagerConfig.h */ = {isa = PBXFileReference; lastKnownFileType = sourcecode.c.h; path = TestManagerConfig.h; sourceTree = "<group>"; };
		DFE2EFEA20EDF6A40098D51C /* TestManagerConfig.m */ = {isa = PBXFileReference; lastKnownFileType = sourcecode.c.objc; path = TestManagerConfig.m; sourceTree = "<group>"; };
		DFE2EFF020F0CBAE0098D51C /* UIColor+Extension.h */ = {isa = PBXFileReference; lastKnownFileType = sourcecode.c.h; path = "UIColor+Extension.h"; sourceTree = "<group>"; };
		DFE2EFF120F0CBAE0098D51C /* UIColor+Extension.m */ = {isa = PBXFileReference; lastKnownFileType = sourcecode.c.objc; path = "UIColor+Extension.m"; sourceTree = "<group>"; };
		DFED5A3020F6E5540087F96F /* FLWaterfallCollectionLayout.h */ = {isa = PBXFileReference; lastKnownFileType = sourcecode.c.h; path = FLWaterfallCollectionLayout.h; sourceTree = "<group>"; };
		DFED5A3120F6E5540087F96F /* FLWaterfallCollectionLayout.m */ = {isa = PBXFileReference; lastKnownFileType = sourcecode.c.objc; path = FLWaterfallCollectionLayout.m; sourceTree = "<group>"; };
		DFEDEE8E20E4C4A900D2714A /* FireLife.app */ = {isa = PBXFileReference; explicitFileType = wrapper.application; includeInIndex = 0; path = FireLife.app; sourceTree = BUILT_PRODUCTS_DIR; };
		DFEDEE9120E4C4A900D2714A /* AppDelegate.h */ = {isa = PBXFileReference; lastKnownFileType = sourcecode.c.h; path = AppDelegate.h; sourceTree = "<group>"; };
		DFEDEE9220E4C4A900D2714A /* AppDelegate.m */ = {isa = PBXFileReference; lastKnownFileType = sourcecode.c.objc; path = AppDelegate.m; sourceTree = "<group>"; };
		DFEDEE9420E4C4A900D2714A /* ViewController.h */ = {isa = PBXFileReference; lastKnownFileType = sourcecode.c.h; path = ViewController.h; sourceTree = "<group>"; };
		DFEDEE9520E4C4A900D2714A /* ViewController.m */ = {isa = PBXFileReference; lastKnownFileType = sourcecode.c.objc; path = ViewController.m; sourceTree = "<group>"; };
		DFEDEE9820E4C4A900D2714A /* Base */ = {isa = PBXFileReference; lastKnownFileType = file.storyboard; name = Base; path = Base.lproj/Main.storyboard; sourceTree = "<group>"; };
		DFEDEE9A20E4C4AA00D2714A /* Assets.xcassets */ = {isa = PBXFileReference; lastKnownFileType = folder.assetcatalog; path = Assets.xcassets; sourceTree = "<group>"; };
		DFEDEE9D20E4C4AA00D2714A /* Base */ = {isa = PBXFileReference; lastKnownFileType = file.storyboard; name = Base; path = Base.lproj/LaunchScreen.storyboard; sourceTree = "<group>"; };
		DFEDEE9F20E4C4AA00D2714A /* Info.plist */ = {isa = PBXFileReference; lastKnownFileType = text.plist.xml; path = Info.plist; sourceTree = "<group>"; };
		DFEDEEA020E4C4AA00D2714A /* main.m */ = {isa = PBXFileReference; lastKnownFileType = sourcecode.c.objc; path = main.m; sourceTree = "<group>"; };
		DFEDEEA620E4C4AB00D2714A /* FireLifeTests.xctest */ = {isa = PBXFileReference; explicitFileType = wrapper.cfbundle; includeInIndex = 0; path = FireLifeTests.xctest; sourceTree = BUILT_PRODUCTS_DIR; };
		DFEDEEAA20E4C4AB00D2714A /* FireLifeTests.m */ = {isa = PBXFileReference; lastKnownFileType = sourcecode.c.objc; path = FireLifeTests.m; sourceTree = "<group>"; };
		DFEDEEAC20E4C4AB00D2714A /* Info.plist */ = {isa = PBXFileReference; lastKnownFileType = text.plist.xml; path = Info.plist; sourceTree = "<group>"; };
		DFEDEEB120E4C4AB00D2714A /* FireLifeUITests.xctest */ = {isa = PBXFileReference; explicitFileType = wrapper.cfbundle; includeInIndex = 0; path = FireLifeUITests.xctest; sourceTree = BUILT_PRODUCTS_DIR; };
		DFEDEEB520E4C4AB00D2714A /* FireLifeUITests.m */ = {isa = PBXFileReference; lastKnownFileType = sourcecode.c.objc; path = FireLifeUITests.m; sourceTree = "<group>"; };
		DFEDEEB720E4C4AB00D2714A /* Info.plist */ = {isa = PBXFileReference; lastKnownFileType = text.plist.xml; path = Info.plist; sourceTree = "<group>"; };
		DFEDEED320E4CE3400D2714A /* FLTabBarViewController.h */ = {isa = PBXFileReference; lastKnownFileType = sourcecode.c.h; path = FLTabBarViewController.h; sourceTree = "<group>"; };
		DFEDEED420E4CE3400D2714A /* FLTabBarViewController.m */ = {isa = PBXFileReference; lastKnownFileType = sourcecode.c.objc; path = FLTabBarViewController.m; sourceTree = "<group>"; };
		DFEDEED620E4CE6C00D2714A /* FLTabBarView.h */ = {isa = PBXFileReference; lastKnownFileType = sourcecode.c.h; path = FLTabBarView.h; sourceTree = "<group>"; };
		DFEDEED720E4CE6C00D2714A /* FLTabBarView.m */ = {isa = PBXFileReference; lastKnownFileType = sourcecode.c.objc; path = FLTabBarView.m; sourceTree = "<group>"; };
		DFEDEED920E4D07A00D2714A /* FLNavigationViewController.h */ = {isa = PBXFileReference; lastKnownFileType = sourcecode.c.h; path = FLNavigationViewController.h; sourceTree = "<group>"; };
		DFEDEEDA20E4D07A00D2714A /* FLNavigationViewController.m */ = {isa = PBXFileReference; lastKnownFileType = sourcecode.c.objc; path = FLNavigationViewController.m; sourceTree = "<group>"; };
		DFEDEEDC20E4D16300D2714A /* FLHeader.pch */ = {isa = PBXFileReference; lastKnownFileType = sourcecode.c.h; path = FLHeader.pch; sourceTree = "<group>"; };
		DFEDEEDD20E4D66E00D2714A /* HomePageViewController.h */ = {isa = PBXFileReference; lastKnownFileType = sourcecode.c.h; path = HomePageViewController.h; sourceTree = "<group>"; };
		DFEDEEDE20E4D66E00D2714A /* HomePageViewController.m */ = {isa = PBXFileReference; lastKnownFileType = sourcecode.c.objc; path = HomePageViewController.m; sourceTree = "<group>"; };
		DFEDEEE020E4D68400D2714A /* SettingViewController.h */ = {isa = PBXFileReference; lastKnownFileType = sourcecode.c.h; path = SettingViewController.h; sourceTree = "<group>"; };
		DFEDEEE120E4D68400D2714A /* SettingViewController.m */ = {isa = PBXFileReference; lastKnownFileType = sourcecode.c.objc; path = SettingViewController.m; sourceTree = "<group>"; };
		DFEDEEE720E4D86B00D2714A /* AdView.h */ = {isa = PBXFileReference; lastKnownFileType = sourcecode.c.h; path = AdView.h; sourceTree = "<group>"; };
		DFEDEEE820E4D86B00D2714A /* AdView.m */ = {isa = PBXFileReference; lastKnownFileType = sourcecode.c.objc; path = AdView.m; sourceTree = "<group>"; };
		DFEDEEEA20E4D88500D2714A /* AdView.xib */ = {isa = PBXFileReference; lastKnownFileType = file.xib; path = AdView.xib; sourceTree = "<group>"; };
		DFEDEEEC20E4DA7600D2714A /* FLCacheHelp.h */ = {isa = PBXFileReference; lastKnownFileType = sourcecode.c.h; path = FLCacheHelp.h; sourceTree = "<group>"; };
		DFEDEEED20E4DA7600D2714A /* FLCacheHelp.m */ = {isa = PBXFileReference; lastKnownFileType = sourcecode.c.objc; path = FLCacheHelp.m; sourceTree = "<group>"; };
		DFEDEEEF20E4DB4000D2714A /* FLBaseHandle.h */ = {isa = PBXFileReference; lastKnownFileType = sourcecode.c.h; path = FLBaseHandle.h; sourceTree = "<group>"; };
		DFEDEEF020E4DB4000D2714A /* FLBaseHandle.m */ = {isa = PBXFileReference; lastKnownFileType = sourcecode.c.objc; path = FLBaseHandle.m; sourceTree = "<group>"; };
		DFEDEEF220E4DBC900D2714A /* HttpTool.h */ = {isa = PBXFileReference; lastKnownFileType = sourcecode.c.h; path = HttpTool.h; sourceTree = "<group>"; };
		DFEDEEF320E4DBC900D2714A /* HttpTool.m */ = {isa = PBXFileReference; lastKnownFileType = sourcecode.c.objc; path = HttpTool.m; sourceTree = "<group>"; };
		DFEDEEF520E4DC3B00D2714A /* APIConfig.h */ = {isa = PBXFileReference; lastKnownFileType = sourcecode.c.h; path = APIConfig.h; sourceTree = "<group>"; };
		DFEDEEF720E4E13000D2714A /* FLAdHandle.h */ = {isa = PBXFileReference; lastKnownFileType = sourcecode.c.h; path = FLAdHandle.h; sourceTree = "<group>"; };
		DFEDEEF820E4E13000D2714A /* FLAdHandle.m */ = {isa = PBXFileReference; lastKnownFileType = sourcecode.c.objc; path = FLAdHandle.m; sourceTree = "<group>"; };
		DFEDEEFC20E4E1B800D2714A /* AdModel.h */ = {isa = PBXFileReference; lastKnownFileType = sourcecode.c.h; path = AdModel.h; sourceTree = "<group>"; };
		DFEDEEFD20E4E1B800D2714A /* AdModel.m */ = {isa = PBXFileReference; lastKnownFileType = sourcecode.c.objc; path = AdModel.m; sourceTree = "<group>"; };
		DFEDEF0620E618CE00D2714A /* LiveViewController.h */ = {isa = PBXFileReference; lastKnownFileType = sourcecode.c.h; path = LiveViewController.h; sourceTree = "<group>"; };
		DFEDEF0720E618CE00D2714A /* LiveViewController.m */ = {isa = PBXFileReference; lastKnownFileType = sourcecode.c.objc; path = LiveViewController.m; sourceTree = "<group>"; };
		DFEDEF0820E618CE00D2714A /* LiveViewController.xib */ = {isa = PBXFileReference; lastKnownFileType = file.xib; path = LiveViewController.xib; sourceTree = "<group>"; };
		DFEDEF0B20E61ABF00D2714A /* FLExceptionHandle.h */ = {isa = PBXFileReference; lastKnownFileType = sourcecode.c.h; path = FLExceptionHandle.h; sourceTree = "<group>"; };
		DFEDEF0C20E61ABF00D2714A /* FLExceptionHandle.m */ = {isa = PBXFileReference; lastKnownFileType = sourcecode.c.objc; path = FLExceptionHandle.m; sourceTree = "<group>"; };
		DFF60D2220F5E85D00CAAAAC /* cell_bone.png */ = {isa = PBXFileReference; lastKnownFileType = image.png; path = cell_bone.png; sourceTree = "<group>"; };
		DFF60D2320F5E85D00CAAAAC /* cell_animal.png */ = {isa = PBXFileReference; lastKnownFileType = image.png; path = cell_animal.png; sourceTree = "<group>"; };
		DFF60D2620F5F67200CAAAAC /* image5.jpeg */ = {isa = PBXFileReference; lastKnownFileType = image.jpeg; path = image5.jpeg; sourceTree = "<group>"; };
		DFF60D2720F5F67200CAAAAC /* image11.png */ = {isa = PBXFileReference; lastKnownFileType = image.png; path = image11.png; sourceTree = "<group>"; };
		DFF60D2820F5F67200CAAAAC /* image6.png */ = {isa = PBXFileReference; lastKnownFileType = image.png; path = image6.png; sourceTree = "<group>"; };
		DFF60D2920F5F67300CAAAAC /* image1.jpeg */ = {isa = PBXFileReference; lastKnownFileType = image.jpeg; path = image1.jpeg; sourceTree = "<group>"; };
		DFF60D2A20F5F67300CAAAAC /* image7.jpeg */ = {isa = PBXFileReference; lastKnownFileType = image.jpeg; path = image7.jpeg; sourceTree = "<group>"; };
		DFF60D2B20F5F67300CAAAAC /* image2.jpeg */ = {isa = PBXFileReference; lastKnownFileType = image.jpeg; path = image2.jpeg; sourceTree = "<group>"; };
		DFF60D2C20F5F67300CAAAAC /* image3.jpeg */ = {isa = PBXFileReference; lastKnownFileType = image.jpeg; path = image3.jpeg; sourceTree = "<group>"; };
		DFF60D2D20F5F67300CAAAAC /* imag.png */ = {isa = PBXFileReference; lastKnownFileType = image.png; path = imag.png; sourceTree = "<group>"; };
		DFF60D2E20F5F67300CAAAAC /* image4.jpeg */ = {isa = PBXFileReference; lastKnownFileType = image.jpeg; path = image4.jpeg; sourceTree = "<group>"; };
		DFF60D2F20F5F67300CAAAAC /* image8.jpeg */ = {isa = PBXFileReference; lastKnownFileType = image.jpeg; path = image8.jpeg; sourceTree = "<group>"; };
		DFF60D3020F5F67300CAAAAC /* image9.jpeg */ = {isa = PBXFileReference; lastKnownFileType = image.jpeg; path = image9.jpeg; sourceTree = "<group>"; };
		DFF60D3120F5F67300CAAAAC /* image10.jpeg */ = {isa = PBXFileReference; lastKnownFileType = image.jpeg; path = image10.jpeg; sourceTree = "<group>"; };
		DFF60D3E20F5F8C900CAAAAC /* UIImage+Extension.h */ = {isa = PBXFileReference; lastKnownFileType = sourcecode.c.h; path = "UIImage+Extension.h"; sourceTree = "<group>"; };
		DFF60D3F20F5F8C900CAAAAC /* UIImage+Extension.m */ = {isa = PBXFileReference; lastKnownFileType = sourcecode.c.objc; path = "UIImage+Extension.m"; sourceTree = "<group>"; };
		DFF60D4120F5FDAF00CAAAAC /* head.png */ = {isa = PBXFileReference; lastKnownFileType = image.png; path = head.png; sourceTree = "<group>"; };
/* End PBXFileReference section */

/* Begin PBXFrameworksBuildPhase section */
		DFEDEE8B20E4C4A900D2714A /* Frameworks */ = {
			isa = PBXFrameworksBuildPhase;
			buildActionMask = 2147483647;
			files = (
				515D54BA35442AD26E1F23B7 /* libPods-FireLife.a in Frameworks */,
			);
			runOnlyForDeploymentPostprocessing = 0;
		};
		DFEDEEA320E4C4AB00D2714A /* Frameworks */ = {
			isa = PBXFrameworksBuildPhase;
			buildActionMask = 2147483647;
			files = (
				574EF5198A52B39A58AD224C /* libPods-FireLifeTests.a in Frameworks */,
			);
			runOnlyForDeploymentPostprocessing = 0;
		};
		DFEDEEAE20E4C4AB00D2714A /* Frameworks */ = {
			isa = PBXFrameworksBuildPhase;
			buildActionMask = 2147483647;
			files = (
				7633F4D82F4C7EF084E2676B /* libPods-FireLifeUITests.a in Frameworks */,
			);
			runOnlyForDeploymentPostprocessing = 0;
		};
/* End PBXFrameworksBuildPhase section */

/* Begin PBXGroup section */
		DFD39DF620F2FD4700170B32 /* View */ = {
			isa = PBXGroup;
			children = (
				DFD39DF920F2FE5900170B32 /* CustomCollectionViewCell.h */,
				DFD39DFA20F2FE5900170B32 /* CustomCollectionViewCell.m */,
				DFD39DFB20F2FE5900170B32 /* CustomCollectionViewCell.xib */,
				DFD39E0420F361D500170B32 /* PersonalHeadView.h */,
				DFD39E0520F361D500170B32 /* PersonalHeadView.m */,
				DFD39E0720F3620300170B32 /* PersonalHeadView.xib */,
			);
			path = View;
			sourceTree = "<group>";
		};
		DFD39DF720F2FD4D00170B32 /* Model */ = {
			isa = PBXGroup;
			children = (
			);
			path = Model;
			sourceTree = "<group>";
		};
		DFD39DF820F2FD5100170B32 /* ViewController */ = {
			isa = PBXGroup;
			children = (
				DFEDEEE020E4D68400D2714A /* SettingViewController.h */,
				DFEDEEE120E4D68400D2714A /* SettingViewController.m */,
				DFED5A3020F6E5540087F96F /* FLWaterfallCollectionLayout.h */,
				DFED5A3120F6E5540087F96F /* FLWaterfallCollectionLayout.m */,
			);
			path = ViewController;
			sourceTree = "<group>";
		};
		DFE2EFD120E9D3CA0098D51C /* Login */ = {
			isa = PBXGroup;
			children = (
				DFE2EFE720EA21510098D51C /* UserManager */,
				DFE2EFE020EA1D980098D51C /* viewController */,
			);
			path = Login;
			sourceTree = "<group>";
		};
		DFE2EFE020EA1D980098D51C /* viewController */ = {
			isa = PBXGroup;
			children = (
				DFE2EFD920EA0D570098D51C /* LoginViewController.h */,
				DFE2EFDA20EA0D570098D51C /* LoginViewController.m */,
				DFE2EFDB20EA0D570098D51C /* LoginViewController.xib */,
			);
			path = viewController;
			sourceTree = "<group>";
		};
		DFE2EFE720EA21510098D51C /* UserManager */ = {
			isa = PBXGroup;
			children = (
				DFE2EFE120EA1DDB0098D51C /* UserManager.h */,
				DFE2EFE220EA1DDB0098D51C /* UserManager.m */,
				DFE2EFE420EA20A80098D51C /* UserManagerTool.h */,
				DFE2EFE520EA20A80098D51C /* UserManagerTool.m */,
			);
			path = UserManager;
			sourceTree = "<group>";
		};
		DFE2EFE820EDF31F0098D51C /* SuperManager */ = {
			isa = PBXGroup;
			children = (
				DFE2EFE920EDF6A40098D51C /* TestManagerConfig.h */,
				DFE2EFEA20EDF6A40098D51C /* TestManagerConfig.m */,
			);
			path = SuperManager;
			sourceTree = "<group>";
		};
		DFEDEE8520E4C4A900D2714A = {
			isa = PBXGroup;
			children = (
				DFEDEE9020E4C4A900D2714A /* FireLife */,
				DFEDEEA920E4C4AB00D2714A /* FireLifeTests */,
				DFEDEEB420E4C4AB00D2714A /* FireLifeUITests */,
				DFEDEE8F20E4C4A900D2714A /* Products */,
				ED15DB9D80334DDBA1091137 /* Pods */,
				FACEDF2355E34B3F67C4E221 /* Frameworks */,
			);
			sourceTree = "<group>";
		};
		DFEDEE8F20E4C4A900D2714A /* Products */ = {
			isa = PBXGroup;
			children = (
				DFEDEE8E20E4C4A900D2714A /* FireLife.app */,
				DFEDEEA620E4C4AB00D2714A /* FireLifeTests.xctest */,
				DFEDEEB120E4C4AB00D2714A /* FireLifeUITests.xctest */,
			);
			name = Products;
			sourceTree = "<group>";
		};
		DFEDEE9020E4C4A900D2714A /* FireLife */ = {
			isa = PBXGroup;
			children = (
				DFEDEECE20E4CBF400D2714A /* VC */,
				DFEDEECD20E4CBE400D2714A /* Network */,
				DFEDEECC20E4CBB200D2714A /* Common */,
				DFEDEEC920E4C9C400D2714A /* Resource */,
				DFEDEEC820E4C9B900D2714A /* Other */,
				DFEDEEC720E4C9AD00D2714A /* Vender */,
				DFEDEEC320E4C95400D2714A /* Expand */,
			);
			path = FireLife;
			sourceTree = "<group>";
		};
		DFEDEEA920E4C4AB00D2714A /* FireLifeTests */ = {
			isa = PBXGroup;
			children = (
				DFEDEEAA20E4C4AB00D2714A /* FireLifeTests.m */,
				DFEDEEAC20E4C4AB00D2714A /* Info.plist */,
			);
			path = FireLifeTests;
			sourceTree = "<group>";
		};
		DFEDEEB420E4C4AB00D2714A /* FireLifeUITests */ = {
			isa = PBXGroup;
			children = (
				DFEDEEB520E4C4AB00D2714A /* FireLifeUITests.m */,
				DFEDEEB720E4C4AB00D2714A /* Info.plist */,
			);
			path = FireLifeUITests;
			sourceTree = "<group>";
		};
		DFEDEEC320E4C95400D2714A /* Expand */ = {
			isa = PBXGroup;
			children = (
				DFEDEEC620E4C98D00D2714A /* Macros */,
				DFEDEEC520E4C98400D2714A /* Tool */,
				DFEDEEC420E4C97300D2714A /* Category */,
			);
			path = Expand;
			sourceTree = "<group>";
		};
		DFEDEEC420E4C97300D2714A /* Category */ = {
			isa = PBXGroup;
			children = (
				DFE2EFF020F0CBAE0098D51C /* UIColor+Extension.h */,
				DFE2EFF120F0CBAE0098D51C /* UIColor+Extension.m */,
				DFF60D3E20F5F8C900CAAAAC /* UIImage+Extension.h */,
				DFF60D3F20F5F8C900CAAAAC /* UIImage+Extension.m */,
			);
			path = Category;
			sourceTree = "<group>";
		};
		DFEDEEC520E4C98400D2714A /* Tool */ = {
			isa = PBXGroup;
			children = (
				DFEDEEEC20E4DA7600D2714A /* FLCacheHelp.h */,
				DFEDEEED20E4DA7600D2714A /* FLCacheHelp.m */,
				DFEDEEEF20E4DB4000D2714A /* FLBaseHandle.h */,
				DFEDEEF020E4DB4000D2714A /* FLBaseHandle.m */,
				DFEDEF0B20E61ABF00D2714A /* FLExceptionHandle.h */,
				DFEDEF0C20E61ABF00D2714A /* FLExceptionHandle.m */,
			);
			path = Tool;
			sourceTree = "<group>";
		};
		DFEDEEC620E4C98D00D2714A /* Macros */ = {
			isa = PBXGroup;
			children = (
				DFEDEEDC20E4D16300D2714A /* FLHeader.pch */,
			);
			path = Macros;
			sourceTree = "<group>";
		};
		DFEDEEC720E4C9AD00D2714A /* Vender */ = {
			isa = PBXGroup;
			children = (
			);
			path = Vender;
			sourceTree = "<group>";
		};
		DFEDEEC820E4C9B900D2714A /* Other */ = {
			isa = PBXGroup;
			children = (
				DFEDEE9120E4C4A900D2714A /* AppDelegate.h */,
				DFEDEE9220E4C4A900D2714A /* AppDelegate.m */,
				DFEDEE9420E4C4A900D2714A /* ViewController.h */,
				DFEDEE9520E4C4A900D2714A /* ViewController.m */,
				DFEDEEA020E4C4AA00D2714A /* main.m */,
				DFEDEE9720E4C4A900D2714A /* Main.storyboard */,
				DFEDEE9A20E4C4AA00D2714A /* Assets.xcassets */,
				DFEDEE9C20E4C4AA00D2714A /* LaunchScreen.storyboard */,
			);
			path = Other;
			sourceTree = "<group>";
		};
		DFEDEEC920E4C9C400D2714A /* Resource */ = {
			isa = PBXGroup;
			children = (
				DFEDEECB20E4CA2500D2714A /* Image */,
				DFEDEECA20E4CA1D00D2714A /* Plist */,
			);
			path = Resource;
			sourceTree = "<group>";
		};
		DFEDEECA20E4CA1D00D2714A /* Plist */ = {
			isa = PBXGroup;
			children = (
				DFEDEE9F20E4C4AA00D2714A /* Info.plist */,
			);
			path = Plist;
			sourceTree = "<group>";
		};
		DFEDEECB20E4CA2500D2714A /* Image */ = {
			isa = PBXGroup;
			children = (
				DFF60D4120F5FDAF00CAAAAC /* head.png */,
				DFF60D2320F5E85D00CAAAAC /* cell_animal.png */,
				DFF60D2D20F5F67300CAAAAC /* imag.png */,
				DFF60D2920F5F67300CAAAAC /* image1.jpeg */,
				DFF60D2B20F5F67300CAAAAC /* image2.jpeg */,
				DFF60D2C20F5F67300CAAAAC /* image3.jpeg */,
				DFF60D2E20F5F67300CAAAAC /* image4.jpeg */,
				DFF60D2620F5F67200CAAAAC /* image5.jpeg */,
				DFF60D2820F5F67200CAAAAC /* image6.png */,
				DFF60D2A20F5F67300CAAAAC /* image7.jpeg */,
				DFF60D2F20F5F67300CAAAAC /* image8.jpeg */,
				DFF60D3020F5F67300CAAAAC /* image9.jpeg */,
				DFF60D3120F5F67300CAAAAC /* image10.jpeg */,
				DFF60D2720F5F67200CAAAAC /* image11.png */,
				DFF60D2220F5E85D00CAAAAC /* cell_bone.png */,
				DFD39E0220F337FE00170B32 /* wxpay.png */,
				DFD39E0020F337EE00170B32 /* alipay.png */,
				DFD39DFE20F3039F00170B32 /* placeHold.jpeg */,
				DFE2EFDE20EA0E1F0098D51C /* loginBg.png */,
			);
			path = Image;
			sourceTree = "<group>";
		};
		DFEDEECC20E4CBB200D2714A /* Common */ = {
			isa = PBXGroup;
			children = (
				DFEDEED220E4CC9300D2714A /* Tabbar */,
			);
			path = Common;
			sourceTree = "<group>";
		};
		DFEDEECD20E4CBE400D2714A /* Network */ = {
			isa = PBXGroup;
			children = (
				DFEDEEF220E4DBC900D2714A /* HttpTool.h */,
				DFEDEEF320E4DBC900D2714A /* HttpTool.m */,
				DFEDEEF520E4DC3B00D2714A /* APIConfig.h */,
			);
			path = Network;
			sourceTree = "<group>";
		};
		DFEDEECE20E4CBF400D2714A /* VC */ = {
			isa = PBXGroup;
			children = (
				DFE2EFE820EDF31F0098D51C /* SuperManager */,
				DFE2EFD120E9D3CA0098D51C /* Login */,
				DFEDEEF620E4E10C00D2714A /* Handle */,
				DFEDEEE620E4D81700D2714A /* Ad */,
				DFEDEED120E4CC4500D2714A /* Live */,
				DFEDEED020E4CC1A00D2714A /* Setting */,
				DFEDEECF20E4CC0E00D2714A /* HomePage */,
			);
			path = VC;
			sourceTree = "<group>";
		};
		DFEDEECF20E4CC0E00D2714A /* HomePage */ = {
			isa = PBXGroup;
			children = (
				DFEDEEDD20E4D66E00D2714A /* HomePageViewController.h */,
				DFEDEEDE20E4D66E00D2714A /* HomePageViewController.m */,
			);
			path = HomePage;
			sourceTree = "<group>";
		};
		DFEDEED020E4CC1A00D2714A /* Setting */ = {
			isa = PBXGroup;
			children = (
				DFD39DF820F2FD5100170B32 /* ViewController */,
				DFD39DF720F2FD4D00170B32 /* Model */,
				DFD39DF620F2FD4700170B32 /* View */,
			);
			path = Setting;
			sourceTree = "<group>";
		};
		DFEDEED120E4CC4500D2714A /* Live */ = {
			isa = PBXGroup;
			children = (
				DFEDEF0620E618CE00D2714A /* LiveViewController.h */,
				DFEDEF0720E618CE00D2714A /* LiveViewController.m */,
				DFEDEF0820E618CE00D2714A /* LiveViewController.xib */,
			);
			path = Live;
			sourceTree = "<group>";
		};
		DFEDEED220E4CC9300D2714A /* Tabbar */ = {
			isa = PBXGroup;
			children = (
				DFEDEED320E4CE3400D2714A /* FLTabBarViewController.h */,
				DFEDEED420E4CE3400D2714A /* FLTabBarViewController.m */,
				DFEDEED620E4CE6C00D2714A /* FLTabBarView.h */,
				DFEDEED720E4CE6C00D2714A /* FLTabBarView.m */,
				DFEDEED920E4D07A00D2714A /* FLNavigationViewController.h */,
				DFEDEEDA20E4D07A00D2714A /* FLNavigationViewController.m */,
			);
			path = Tabbar;
			sourceTree = "<group>";
		};
		DFEDEEE620E4D81700D2714A /* Ad */ = {
			isa = PBXGroup;
			children = (
				DFEDEEFB20E4E19300D2714A /* AdView */,
				DFEDEEFA20E4E18700D2714A /* AdModel */,
			);
			path = Ad;
			sourceTree = "<group>";
		};
		DFEDEEF620E4E10C00D2714A /* Handle */ = {
			isa = PBXGroup;
			children = (
				DFEDEEF720E4E13000D2714A /* FLAdHandle.h */,
				DFEDEEF820E4E13000D2714A /* FLAdHandle.m */,
			);
			path = Handle;
			sourceTree = "<group>";
		};
		DFEDEEFA20E4E18700D2714A /* AdModel */ = {
			isa = PBXGroup;
			children = (
				DFEDEEFC20E4E1B800D2714A /* AdModel.h */,
				DFEDEEFD20E4E1B800D2714A /* AdModel.m */,
			);
			path = AdModel;
			sourceTree = "<group>";
		};
		DFEDEEFB20E4E19300D2714A /* AdView */ = {
			isa = PBXGroup;
			children = (
				DFEDEEE720E4D86B00D2714A /* AdView.h */,
				DFEDEEE820E4D86B00D2714A /* AdView.m */,
				DFEDEEEA20E4D88500D2714A /* AdView.xib */,
			);
			path = AdView;
			sourceTree = "<group>";
		};
		ED15DB9D80334DDBA1091137 /* Pods */ = {
			isa = PBXGroup;
			children = (
				D0DEE4EC0D6DD16B6FB009F0 /* Pods-FireLife.debug.xcconfig */,
				C1748C4CCC4CF76D725F1EF0 /* Pods-FireLife.release.xcconfig */,
				377E855D4AA3205CA5D732CF /* Pods-FireLifeTests.debug.xcconfig */,
				9632643A10D5129BBAD53B74 /* Pods-FireLifeTests.release.xcconfig */,
				BE85F4663F0B452ABD9ADFA0 /* Pods-FireLifeUITests.debug.xcconfig */,
				2CEFA28C10A968BCB02E6572 /* Pods-FireLifeUITests.release.xcconfig */,
			);
			name = Pods;
			sourceTree = "<group>";
		};
		FACEDF2355E34B3F67C4E221 /* Frameworks */ = {
			isa = PBXGroup;
			children = (
				CD450182052EBF680F633DA4 /* libPods-FireLife.a */,
				9639516DE837EE8006A29B73 /* libPods-FireLifeTests.a */,
				9B70B514A63AEBD260BFD28D /* libPods-FireLifeUITests.a */,
			);
			name = Frameworks;
			sourceTree = "<group>";
		};
/* End PBXGroup section */

/* Begin PBXNativeTarget section */
		DFEDEE8D20E4C4A900D2714A /* FireLife */ = {
			isa = PBXNativeTarget;
			buildConfigurationList = DFEDEEBA20E4C4AB00D2714A /* Build configuration list for PBXNativeTarget "FireLife" */;
			buildPhases = (
				CD6E08CDB5FF9CA9855EC755 /* [CP] Check Pods Manifest.lock */,
				DFEDEE8A20E4C4A900D2714A /* Sources */,
				DFEDEE8B20E4C4A900D2714A /* Frameworks */,
				DFEDEE8C20E4C4A900D2714A /* Resources */,
			);
			buildRules = (
			);
			dependencies = (
			);
			name = FireLife;
			productName = FireLife;
			productReference = DFEDEE8E20E4C4A900D2714A /* FireLife.app */;
			productType = "com.apple.product-type.application";
		};
		DFEDEEA520E4C4AB00D2714A /* FireLifeTests */ = {
			isa = PBXNativeTarget;
			buildConfigurationList = DFEDEEBD20E4C4AB00D2714A /* Build configuration list for PBXNativeTarget "FireLifeTests" */;
			buildPhases = (
				A31838ACB272247563002988 /* [CP] Check Pods Manifest.lock */,
				DFEDEEA220E4C4AB00D2714A /* Sources */,
				DFEDEEA320E4C4AB00D2714A /* Frameworks */,
				DFEDEEA420E4C4AB00D2714A /* Resources */,
			);
			buildRules = (
			);
			dependencies = (
				DFEDEEA820E4C4AB00D2714A /* PBXTargetDependency */,
			);
			name = FireLifeTests;
			productName = FireLifeTests;
			productReference = DFEDEEA620E4C4AB00D2714A /* FireLifeTests.xctest */;
			productType = "com.apple.product-type.bundle.unit-test";
		};
		DFEDEEB020E4C4AB00D2714A /* FireLifeUITests */ = {
			isa = PBXNativeTarget;
			buildConfigurationList = DFEDEEC020E4C4AB00D2714A /* Build configuration list for PBXNativeTarget "FireLifeUITests" */;
			buildPhases = (
				21F94088595C3093C7292C8A /* [CP] Check Pods Manifest.lock */,
				DFEDEEAD20E4C4AB00D2714A /* Sources */,
				DFEDEEAE20E4C4AB00D2714A /* Frameworks */,
				DFEDEEAF20E4C4AB00D2714A /* Resources */,
			);
			buildRules = (
			);
			dependencies = (
				DFEDEEB320E4C4AB00D2714A /* PBXTargetDependency */,
			);
			name = FireLifeUITests;
			productName = FireLifeUITests;
			productReference = DFEDEEB120E4C4AB00D2714A /* FireLifeUITests.xctest */;
			productType = "com.apple.product-type.bundle.ui-testing";
		};
/* End PBXNativeTarget section */

/* Begin PBXProject section */
		DFEDEE8620E4C4A900D2714A /* Project object */ = {
			isa = PBXProject;
			attributes = {
				LastUpgradeCheck = 0940;
				ORGANIZATIONNAME = charlie;
				TargetAttributes = {
					DFEDEE8D20E4C4A900D2714A = {
						CreatedOnToolsVersion = 9.4.1;
					};
					DFEDEEA520E4C4AB00D2714A = {
						CreatedOnToolsVersion = 9.4.1;
						TestTargetID = DFEDEE8D20E4C4A900D2714A;
					};
					DFEDEEB020E4C4AB00D2714A = {
						CreatedOnToolsVersion = 9.4.1;
						TestTargetID = DFEDEE8D20E4C4A900D2714A;
					};
				};
			};
			buildConfigurationList = DFEDEE8920E4C4A900D2714A /* Build configuration list for PBXProject "FireLife" */;
			compatibilityVersion = "Xcode 9.3";
			developmentRegion = en;
			hasScannedForEncodings = 0;
			knownRegions = (
				en,
				Base,
			);
			mainGroup = DFEDEE8520E4C4A900D2714A;
			productRefGroup = DFEDEE8F20E4C4A900D2714A /* Products */;
			projectDirPath = "";
			projectRoot = "";
			targets = (
				DFEDEE8D20E4C4A900D2714A /* FireLife */,
				DFEDEEA520E4C4AB00D2714A /* FireLifeTests */,
				DFEDEEB020E4C4AB00D2714A /* FireLifeUITests */,
			);
		};
/* End PBXProject section */

/* Begin PBXResourcesBuildPhase section */
		DFEDEE8C20E4C4A900D2714A /* Resources */ = {
			isa = PBXResourcesBuildPhase;
			buildActionMask = 2147483647;
			files = (
				DFF60D3D20F5F67400CAAAAC /* image10.jpeg in Resources */,
				DFE2EFDD20EA0D570098D51C /* LoginViewController.xib in Resources */,
				DFF60D4220F5FDAF00CAAAAC /* head.png in Resources */,
				DFF60D2420F5E85D00CAAAAC /* cell_bone.png in Resources */,
				DFF60D3B20F5F67400CAAAAC /* image8.jpeg in Resources */,
				DFF60D3820F5F67400CAAAAC /* image3.jpeg in Resources */,
				DFF60D3920F5F67400CAAAAC /* imag.png in Resources */,
				DFEDEE9E20E4C4AA00D2714A /* LaunchScreen.storyboard in Resources */,
				DFF60D3320F5F67400CAAAAC /* image11.png in Resources */,
				DFF60D3C20F5F67400CAAAAC /* image9.jpeg in Resources */,
				DFF60D3620F5F67400CAAAAC /* image7.jpeg in Resources */,
				DFF60D2520F5E85D00CAAAAC /* cell_animal.png in Resources */,
				DFD39E0820F3620300170B32 /* PersonalHeadView.xib in Resources */,
				DFF60D3220F5F67400CAAAAC /* image5.jpeg in Resources */,
				DFF60D3A20F5F67400CAAAAC /* image4.jpeg in Resources */,
				DFEDEE9B20E4C4AA00D2714A /* Assets.xcassets in Resources */,
				DFF60D3420F5F67400CAAAAC /* image6.png in Resources */,
				DFE2EFDF20EA0E1F0098D51C /* loginBg.png in Resources */,
				DFEDEE9920E4C4A900D2714A /* Main.storyboard in Resources */,
				DFF60D3520F5F67400CAAAAC /* image1.jpeg in Resources */,
				DFD39DFF20F3039F00170B32 /* placeHold.jpeg in Resources */,
				DFEDEF0A20E618CE00D2714A /* LiveViewController.xib in Resources */,
				DFEDEEEB20E4D88500D2714A /* AdView.xib in Resources */,
				DFF60D3720F5F67400CAAAAC /* image2.jpeg in Resources */,
				DFD39DFD20F2FE5900170B32 /* CustomCollectionViewCell.xib in Resources */,
				DFD39E0320F337FE00170B32 /* wxpay.png in Resources */,
				DFD39E0120F337EE00170B32 /* alipay.png in Resources */,
			);
			runOnlyForDeploymentPostprocessing = 0;
		};
		DFEDEEA420E4C4AB00D2714A /* Resources */ = {
			isa = PBXResourcesBuildPhase;
			buildActionMask = 2147483647;
			files = (
			);
			runOnlyForDeploymentPostprocessing = 0;
		};
		DFEDEEAF20E4C4AB00D2714A /* Resources */ = {
			isa = PBXResourcesBuildPhase;
			buildActionMask = 2147483647;
			files = (
			);
			runOnlyForDeploymentPostprocessing = 0;
		};
/* End PBXResourcesBuildPhase section */

/* Begin PBXShellScriptBuildPhase section */
		21F94088595C3093C7292C8A /* [CP] Check Pods Manifest.lock */ = {
			isa = PBXShellScriptBuildPhase;
			buildActionMask = 2147483647;
			files = (
			);
			inputPaths = (
				"${PODS_PODFILE_DIR_PATH}/Podfile.lock",
				"${PODS_ROOT}/Manifest.lock",
			);
			name = "[CP] Check Pods Manifest.lock";
			outputPaths = (
				"$(DERIVED_FILE_DIR)/Pods-FireLifeUITests-checkManifestLockResult.txt",
			);
			runOnlyForDeploymentPostprocessing = 0;
			shellPath = /bin/sh;
			shellScript = "diff \"${PODS_PODFILE_DIR_PATH}/Podfile.lock\" \"${PODS_ROOT}/Manifest.lock\" > /dev/null\nif [ $? != 0 ] ; then\n    # print error to STDERR\n    echo \"error: The sandbox is not in sync with the Podfile.lock. Run 'pod install' or update your CocoaPods installation.\" >&2\n    exit 1\nfi\n# This output is used by Xcode 'outputs' to avoid re-running this script phase.\necho \"SUCCESS\" > \"${SCRIPT_OUTPUT_FILE_0}\"\n";
			showEnvVarsInLog = 0;
		};
		A31838ACB272247563002988 /* [CP] Check Pods Manifest.lock */ = {
			isa = PBXShellScriptBuildPhase;
			buildActionMask = 2147483647;
			files = (
			);
			inputPaths = (
				"${PODS_PODFILE_DIR_PATH}/Podfile.lock",
				"${PODS_ROOT}/Manifest.lock",
			);
			name = "[CP] Check Pods Manifest.lock";
			outputPaths = (
				"$(DERIVED_FILE_DIR)/Pods-FireLifeTests-checkManifestLockResult.txt",
			);
			runOnlyForDeploymentPostprocessing = 0;
			shellPath = /bin/sh;
			shellScript = "diff \"${PODS_PODFILE_DIR_PATH}/Podfile.lock\" \"${PODS_ROOT}/Manifest.lock\" > /dev/null\nif [ $? != 0 ] ; then\n    # print error to STDERR\n    echo \"error: The sandbox is not in sync with the Podfile.lock. Run 'pod install' or update your CocoaPods installation.\" >&2\n    exit 1\nfi\n# This output is used by Xcode 'outputs' to avoid re-running this script phase.\necho \"SUCCESS\" > \"${SCRIPT_OUTPUT_FILE_0}\"\n";
			showEnvVarsInLog = 0;
		};
		CD6E08CDB5FF9CA9855EC755 /* [CP] Check Pods Manifest.lock */ = {
			isa = PBXShellScriptBuildPhase;
			buildActionMask = 2147483647;
			files = (
			);
			inputPaths = (
				"${PODS_PODFILE_DIR_PATH}/Podfile.lock",
				"${PODS_ROOT}/Manifest.lock",
			);
			name = "[CP] Check Pods Manifest.lock";
			outputPaths = (
				"$(DERIVED_FILE_DIR)/Pods-FireLife-checkManifestLockResult.txt",
			);
			runOnlyForDeploymentPostprocessing = 0;
			shellPath = /bin/sh;
			shellScript = "diff \"${PODS_PODFILE_DIR_PATH}/Podfile.lock\" \"${PODS_ROOT}/Manifest.lock\" > /dev/null\nif [ $? != 0 ] ; then\n    # print error to STDERR\n    echo \"error: The sandbox is not in sync with the Podfile.lock. Run 'pod install' or update your CocoaPods installation.\" >&2\n    exit 1\nfi\n# This output is used by Xcode 'outputs' to avoid re-running this script phase.\necho \"SUCCESS\" > \"${SCRIPT_OUTPUT_FILE_0}\"\n";
			showEnvVarsInLog = 0;
		};
/* End PBXShellScriptBuildPhase section */

/* Begin PBXSourcesBuildPhase section */
		DFEDEE8A20E4C4A900D2714A /* Sources */ = {
			isa = PBXSourcesBuildPhase;
			buildActionMask = 2147483647;
			files = (
				DFEDEF0920E618CE00D2714A /* LiveViewController.m in Sources */,
				DFE2EFE620EA20A80098D51C /* UserManagerTool.m in Sources */,
				DFEDEEFE20E4E1B800D2714A /* AdModel.m in Sources */,
				DFEDEED820E4CE6C00D2714A /* FLTabBarView.m in Sources */,
				DFEDEED520E4CE3400D2714A /* FLTabBarViewController.m in Sources */,
				DFF60D4020F5F8C900CAAAAC /* UIImage+Extension.m in Sources */,
				DFEDEE9620E4C4A900D2714A /* ViewController.m in Sources */,
				DFD39E0620F361D500170B32 /* PersonalHeadView.m in Sources */,
				DFEDEEA120E4C4AA00D2714A /* main.m in Sources */,
				DFE2EFEB20EDF6A40098D51C /* TestManagerConfig.m in Sources */,
				DFEDEEDF20E4D66E00D2714A /* HomePageViewController.m in Sources */,
				DFE2EFDC20EA0D570098D51C /* LoginViewController.m in Sources */,
				DFE2EFF220F0CBAE0098D51C /* UIColor+Extension.m in Sources */,
				DFEDEEF420E4DBC900D2714A /* HttpTool.m in Sources */,
				DFEDEEDB20E4D07A00D2714A /* FLNavigationViewController.m in Sources */,
				DFE2EFE320EA1DDB0098D51C /* UserManager.m in Sources */,
				DFEDEEEE20E4DA7600D2714A /* FLCacheHelp.m in Sources */,
				DFD39DFC20F2FE5900170B32 /* CustomCollectionViewCell.m in Sources */,
				DFEDEE9320E4C4A900D2714A /* AppDelegate.m in Sources */,
				DFEDEF0D20E61ABF00D2714A /* FLExceptionHandle.m in Sources */,
				DFEDEEF920E4E13000D2714A /* FLAdHandle.m in Sources */,
				DFEDEEE220E4D68400D2714A /* SettingViewController.m in Sources */,
				DFEDEEF120E4DB4000D2714A /* FLBaseHandle.m in Sources */,
				DFED5A3220F6E5540087F96F /* FLWaterfallCollectionLayout.m in Sources */,
				DFEDEEE920E4D86B00D2714A /* AdView.m in Sources */,
			);
			runOnlyForDeploymentPostprocessing = 0;
		};
		DFEDEEA220E4C4AB00D2714A /* Sources */ = {
			isa = PBXSourcesBuildPhase;
			buildActionMask = 2147483647;
			files = (
				DFEDEEAB20E4C4AB00D2714A /* FireLifeTests.m in Sources */,
			);
			runOnlyForDeploymentPostprocessing = 0;
		};
		DFEDEEAD20E4C4AB00D2714A /* Sources */ = {
			isa = PBXSourcesBuildPhase;
			buildActionMask = 2147483647;
			files = (
				DFEDEEB620E4C4AB00D2714A /* FireLifeUITests.m in Sources */,
			);
			runOnlyForDeploymentPostprocessing = 0;
		};
/* End PBXSourcesBuildPhase section */

/* Begin PBXTargetDependency section */
		DFEDEEA820E4C4AB00D2714A /* PBXTargetDependency */ = {
			isa = PBXTargetDependency;
			target = DFEDEE8D20E4C4A900D2714A /* FireLife */;
			targetProxy = DFEDEEA720E4C4AB00D2714A /* PBXContainerItemProxy */;
		};
		DFEDEEB320E4C4AB00D2714A /* PBXTargetDependency */ = {
			isa = PBXTargetDependency;
			target = DFEDEE8D20E4C4A900D2714A /* FireLife */;
			targetProxy = DFEDEEB220E4C4AB00D2714A /* PBXContainerItemProxy */;
		};
/* End PBXTargetDependency section */

/* Begin PBXVariantGroup section */
		DFEDEE9720E4C4A900D2714A /* Main.storyboard */ = {
			isa = PBXVariantGroup;
			children = (
				DFEDEE9820E4C4A900D2714A /* Base */,
			);
			name = Main.storyboard;
			sourceTree = "<group>";
		};
		DFEDEE9C20E4C4AA00D2714A /* LaunchScreen.storyboard */ = {
			isa = PBXVariantGroup;
			children = (
				DFEDEE9D20E4C4AA00D2714A /* Base */,
			);
			name = LaunchScreen.storyboard;
			sourceTree = "<group>";
		};
/* End PBXVariantGroup section */

/* Begin XCBuildConfiguration section */
		DFEDEEB820E4C4AB00D2714A /* Debug */ = {
			isa = XCBuildConfiguration;
			buildSettings = {
				ALWAYS_SEARCH_USER_PATHS = NO;
				CLANG_ANALYZER_NONNULL = YES;
				CLANG_ANALYZER_NUMBER_OBJECT_CONVERSION = YES_AGGRESSIVE;
				CLANG_CXX_LANGUAGE_STANDARD = "gnu++14";
				CLANG_CXX_LIBRARY = "libc++";
				CLANG_ENABLE_MODULES = YES;
				CLANG_ENABLE_OBJC_ARC = YES;
				CLANG_ENABLE_OBJC_WEAK = YES;
				CLANG_WARN_BLOCK_CAPTURE_AUTORELEASING = YES;
				CLANG_WARN_BOOL_CONVERSION = YES;
				CLANG_WARN_COMMA = YES;
				CLANG_WARN_CONSTANT_CONVERSION = YES;
				CLANG_WARN_DEPRECATED_OBJC_IMPLEMENTATIONS = YES;
				CLANG_WARN_DIRECT_OBJC_ISA_USAGE = YES_ERROR;
				CLANG_WARN_DOCUMENTATION_COMMENTS = YES;
				CLANG_WARN_EMPTY_BODY = YES;
				CLANG_WARN_ENUM_CONVERSION = YES;
				CLANG_WARN_INFINITE_RECURSION = YES;
				CLANG_WARN_INT_CONVERSION = YES;
				CLANG_WARN_NON_LITERAL_NULL_CONVERSION = YES;
				CLANG_WARN_OBJC_IMPLICIT_RETAIN_SELF = YES;
				CLANG_WARN_OBJC_LITERAL_CONVERSION = YES;
				CLANG_WARN_OBJC_ROOT_CLASS = YES_ERROR;
				CLANG_WARN_RANGE_LOOP_ANALYSIS = YES;
				CLANG_WARN_STRICT_PROTOTYPES = YES;
				CLANG_WARN_SUSPICIOUS_MOVE = YES;
				CLANG_WARN_UNGUARDED_AVAILABILITY = YES_AGGRESSIVE;
				CLANG_WARN_UNREACHABLE_CODE = YES;
				CLANG_WARN__DUPLICATE_METHOD_MATCH = YES;
				CODE_SIGN_IDENTITY = "iPhone Developer";
				COPY_PHASE_STRIP = NO;
				DEBUG_INFORMATION_FORMAT = dwarf;
				ENABLE_STRICT_OBJC_MSGSEND = YES;
				ENABLE_TESTABILITY = YES;
				GCC_C_LANGUAGE_STANDARD = gnu11;
				GCC_DYNAMIC_NO_PIC = NO;
				GCC_NO_COMMON_BLOCKS = YES;
				GCC_OPTIMIZATION_LEVEL = 0;
				GCC_PREPROCESSOR_DEFINITIONS = (
					"DEBUG=1",
					"$(inherited)",
				);
				GCC_WARN_64_TO_32_BIT_CONVERSION = YES;
				GCC_WARN_ABOUT_RETURN_TYPE = YES_ERROR;
				GCC_WARN_UNDECLARED_SELECTOR = YES;
				GCC_WARN_UNINITIALIZED_AUTOS = YES_AGGRESSIVE;
				GCC_WARN_UNUSED_FUNCTION = YES;
				GCC_WARN_UNUSED_VARIABLE = YES;
				IPHONEOS_DEPLOYMENT_TARGET = 11.4;
				MTL_ENABLE_DEBUG_INFO = YES;
				ONLY_ACTIVE_ARCH = YES;
				SDKROOT = iphoneos;
			};
			name = Debug;
		};
		DFEDEEB920E4C4AB00D2714A /* Release */ = {
			isa = XCBuildConfiguration;
			buildSettings = {
				ALWAYS_SEARCH_USER_PATHS = NO;
				CLANG_ANALYZER_NONNULL = YES;
				CLANG_ANALYZER_NUMBER_OBJECT_CONVERSION = YES_AGGRESSIVE;
				CLANG_CXX_LANGUAGE_STANDARD = "gnu++14";
				CLANG_CXX_LIBRARY = "libc++";
				CLANG_ENABLE_MODULES = YES;
				CLANG_ENABLE_OBJC_ARC = YES;
				CLANG_ENABLE_OBJC_WEAK = YES;
				CLANG_WARN_BLOCK_CAPTURE_AUTORELEASING = YES;
				CLANG_WARN_BOOL_CONVERSION = YES;
				CLANG_WARN_COMMA = YES;
				CLANG_WARN_CONSTANT_CONVERSION = YES;
				CLANG_WARN_DEPRECATED_OBJC_IMPLEMENTATIONS = YES;
				CLANG_WARN_DIRECT_OBJC_ISA_USAGE = YES_ERROR;
				CLANG_WARN_DOCUMENTATION_COMMENTS = YES;
				CLANG_WARN_EMPTY_BODY = YES;
				CLANG_WARN_ENUM_CONVERSION = YES;
				CLANG_WARN_INFINITE_RECURSION = YES;
				CLANG_WARN_INT_CONVERSION = YES;
				CLANG_WARN_NON_LITERAL_NULL_CONVERSION = YES;
				CLANG_WARN_OBJC_IMPLICIT_RETAIN_SELF = YES;
				CLANG_WARN_OBJC_LITERAL_CONVERSION = YES;
				CLANG_WARN_OBJC_ROOT_CLASS = YES_ERROR;
				CLANG_WARN_RANGE_LOOP_ANALYSIS = YES;
				CLANG_WARN_STRICT_PROTOTYPES = YES;
				CLANG_WARN_SUSPICIOUS_MOVE = YES;
				CLANG_WARN_UNGUARDED_AVAILABILITY = YES_AGGRESSIVE;
				CLANG_WARN_UNREACHABLE_CODE = YES;
				CLANG_WARN__DUPLICATE_METHOD_MATCH = YES;
				CODE_SIGN_IDENTITY = "iPhone Developer";
				COPY_PHASE_STRIP = NO;
				DEBUG_INFORMATION_FORMAT = "dwarf-with-dsym";
				ENABLE_NS_ASSERTIONS = NO;
				ENABLE_STRICT_OBJC_MSGSEND = YES;
				GCC_C_LANGUAGE_STANDARD = gnu11;
				GCC_NO_COMMON_BLOCKS = YES;
				GCC_WARN_64_TO_32_BIT_CONVERSION = YES;
				GCC_WARN_ABOUT_RETURN_TYPE = YES_ERROR;
				GCC_WARN_UNDECLARED_SELECTOR = YES;
				GCC_WARN_UNINITIALIZED_AUTOS = YES_AGGRESSIVE;
				GCC_WARN_UNUSED_FUNCTION = YES;
				GCC_WARN_UNUSED_VARIABLE = YES;
				IPHONEOS_DEPLOYMENT_TARGET = 11.4;
				MTL_ENABLE_DEBUG_INFO = NO;
				SDKROOT = iphoneos;
				VALIDATE_PRODUCT = YES;
			};
			name = Release;
		};
		DFEDEEBB20E4C4AB00D2714A /* Debug */ = {
			isa = XCBuildConfiguration;
			baseConfigurationReference = D0DEE4EC0D6DD16B6FB009F0 /* Pods-FireLife.debug.xcconfig */;
			buildSettings = {
				ASSETCATALOG_COMPILER_APPICON_NAME = AppIcon;
				CODE_SIGN_STYLE = Automatic;
				DEVELOPMENT_TEAM = Z3L8JB7WBX;
				GCC_PREFIX_HEADER = "$(SRCROOT)/FireLife/Expand/Macros/FLHeader.pch";
				INFOPLIST_FILE = FireLife/Resource/Plist/Info.plist;
				IPHONEOS_DEPLOYMENT_TARGET = 9.0;
				LD_RUNPATH_SEARCH_PATHS = (
					"$(inherited)",
					"@executable_path/Frameworks",
				);
				PRODUCT_BUNDLE_IDENTIFIER = com.charlie.FireLife;
				PRODUCT_NAME = "$(TARGET_NAME)";
				TARGETED_DEVICE_FAMILY = "1,2";
			};
			name = Debug;
		};
		DFEDEEBC20E4C4AB00D2714A /* Release */ = {
			isa = XCBuildConfiguration;
			baseConfigurationReference = C1748C4CCC4CF76D725F1EF0 /* Pods-FireLife.release.xcconfig */;
			buildSettings = {
				ASSETCATALOG_COMPILER_APPICON_NAME = AppIcon;
				CODE_SIGN_STYLE = Automatic;
				DEVELOPMENT_TEAM = Z3L8JB7WBX;
				GCC_PREFIX_HEADER = "$(SRCROOT)/FireLife/Expand/Macros/FLHeader.pch";
				INFOPLIST_FILE = FireLife/Resource/Plist/Info.plist;
				IPHONEOS_DEPLOYMENT_TARGET = 9.0;
				LD_RUNPATH_SEARCH_PATHS = (
					"$(inherited)",
					"@executable_path/Frameworks",
				);
				PRODUCT_BUNDLE_IDENTIFIER = com.charlie.FireLife;
				PRODUCT_NAME = "$(TARGET_NAME)";
				TARGETED_DEVICE_FAMILY = "1,2";
			};
			name = Release;
		};
		DFEDEEBE20E4C4AB00D2714A /* Debug */ = {
			isa = XCBuildConfiguration;
			baseConfigurationReference = 377E855D4AA3205CA5D732CF /* Pods-FireLifeTests.debug.xcconfig */;
			buildSettings = {
				BUNDLE_LOADER = "$(TEST_HOST)";
				CODE_SIGN_STYLE = Automatic;
				DEVELOPMENT_TEAM = Z3L8JB7WBX;
				INFOPLIST_FILE = FireLifeTests/Info.plist;
				LD_RUNPATH_SEARCH_PATHS = (
					"$(inherited)",
					"@executable_path/Frameworks",
					"@loader_path/Frameworks",
				);
				PRODUCT_BUNDLE_IDENTIFIER = com.charlie.FireLifeTests;
				PRODUCT_NAME = "$(TARGET_NAME)";
				TARGETED_DEVICE_FAMILY = "1,2";
				TEST_HOST = "$(BUILT_PRODUCTS_DIR)/FireLife.app/FireLife";
			};
			name = Debug;
		};
		DFEDEEBF20E4C4AB00D2714A /* Release */ = {
			isa = XCBuildConfiguration;
			baseConfigurationReference = 9632643A10D5129BBAD53B74 /* Pods-FireLifeTests.release.xcconfig */;
			buildSettings = {
				BUNDLE_LOADER = "$(TEST_HOST)";
				CODE_SIGN_STYLE = Automatic;
				DEVELOPMENT_TEAM = Z3L8JB7WBX;
				INFOPLIST_FILE = FireLifeTests/Info.plist;
				LD_RUNPATH_SEARCH_PATHS = (
					"$(inherited)",
					"@executable_path/Frameworks",
					"@loader_path/Frameworks",
				);
				PRODUCT_BUNDLE_IDENTIFIER = com.charlie.FireLifeTests;
				PRODUCT_NAME = "$(TARGET_NAME)";
				TARGETED_DEVICE_FAMILY = "1,2";
				TEST_HOST = "$(BUILT_PRODUCTS_DIR)/FireLife.app/FireLife";
			};
			name = Release;
		};
		DFEDEEC120E4C4AB00D2714A /* Debug */ = {
			isa = XCBuildConfiguration;
			baseConfigurationReference = BE85F4663F0B452ABD9ADFA0 /* Pods-FireLifeUITests.debug.xcconfig */;
			buildSettings = {
				CODE_SIGN_STYLE = Automatic;
				DEVELOPMENT_TEAM = Z3L8JB7WBX;
				INFOPLIST_FILE = FireLifeUITests/Info.plist;
				LD_RUNPATH_SEARCH_PATHS = (
					"$(inherited)",
					"@executable_path/Frameworks",
					"@loader_path/Frameworks",
				);
				PRODUCT_BUNDLE_IDENTIFIER = com.charlie.FireLifeUITests;
				PRODUCT_NAME = "$(TARGET_NAME)";
				TARGETED_DEVICE_FAMILY = "1,2";
				TEST_TARGET_NAME = FireLife;
			};
			name = Debug;
		};
		DFEDEEC220E4C4AB00D2714A /* Release */ = {
			isa = XCBuildConfiguration;
			baseConfigurationReference = 2CEFA28C10A968BCB02E6572 /* Pods-FireLifeUITests.release.xcconfig */;
			buildSettings = {
				CODE_SIGN_STYLE = Automatic;
				DEVELOPMENT_TEAM = Z3L8JB7WBX;
				INFOPLIST_FILE = FireLifeUITests/Info.plist;
				LD_RUNPATH_SEARCH_PATHS = (
					"$(inherited)",
					"@executable_path/Frameworks",
					"@loader_path/Frameworks",
				);
				PRODUCT_BUNDLE_IDENTIFIER = com.charlie.FireLifeUITests;
				PRODUCT_NAME = "$(TARGET_NAME)";
				TARGETED_DEVICE_FAMILY = "1,2";
				TEST_TARGET_NAME = FireLife;
			};
			name = Release;
		};
/* End XCBuildConfiguration section */

/* Begin XCConfigurationList section */
		DFEDEE8920E4C4A900D2714A /* Build configuration list for PBXProject "FireLife" */ = {
			isa = XCConfigurationList;
			buildConfigurations = (
				DFEDEEB820E4C4AB00D2714A /* Debug */,
				DFEDEEB920E4C4AB00D2714A /* Release */,
			);
			defaultConfigurationIsVisible = 0;
			defaultConfigurationName = Release;
		};
		DFEDEEBA20E4C4AB00D2714A /* Build configuration list for PBXNativeTarget "FireLife" */ = {
			isa = XCConfigurationList;
			buildConfigurations = (
				DFEDEEBB20E4C4AB00D2714A /* Debug */,
				DFEDEEBC20E4C4AB00D2714A /* Release */,
			);
			defaultConfigurationIsVisible = 0;
			defaultConfigurationName = Release;
		};
		DFEDEEBD20E4C4AB00D2714A /* Build configuration list for PBXNativeTarget "FireLifeTests" */ = {
			isa = XCConfigurationList;
			buildConfigurations = (
				DFEDEEBE20E4C4AB00D2714A /* Debug */,
				DFEDEEBF20E4C4AB00D2714A /* Release */,
			);
			defaultConfigurationIsVisible = 0;
			defaultConfigurationName = Release;
		};
		DFEDEEC020E4C4AB00D2714A /* Build configuration list for PBXNativeTarget "FireLifeUITests" */ = {
			isa = XCConfigurationList;
			buildConfigurations = (
				DFEDEEC120E4C4AB00D2714A /* Debug */,
				DFEDEEC220E4C4AB00D2714A /* Release */,
			);
			defaultConfigurationIsVisible = 0;
			defaultConfigurationName = Release;
		};
/* End XCConfigurationList section */
	};
	rootObject = DFEDEE8620E4C4A900D2714A /* Project object */;
}
